
Microsoft Visual Studio Solution File, Format Version 12.00
# Visual Studio Version 16
VisualStudioVersion = 16.0.30503.244
MinimumVisualStudioVersion = 10.0.40219.1
Project("{FAE04EC0-301F-11D3-BF4B-00C04F79EFBC}") = "GeometricLayouts", "GeometricLayouts.csproj", "{2162FD2D-9FC4-4701-8E28-4BA33A777F56}"
EndProject
Project("{FAE04EC0-301F-11D3-BF4B-00C04F79EFBC}") = "GeometricLayouts.Models", "..\GeometricLayouts.Models\GeometricLayouts.Models.csproj", "{EE64DE92-8107-47F6-B310-6141BB19F008}"
EndProject
Project("{FAE04EC0-301F-11D3-BF4B-00C04F79EFBC}") = "GeometricLayouts.Tests", "..\GeometricLayouts.Tests\GeometricLayouts.Tests.csproj", "{D08B7880-A858-43C1-82A8-C4B23D83E7FE}"
EndProject
Global
	GlobalSection(SolutionConfigurationPlatforms) = preSolution
		Debug|Any CPU = Debug|Any CPU
		Release|Any CPU = Release|Any CPU
	EndGlobalSection
	GlobalSection(ProjectConfigurationPlatforms) = postSolution
		{2162FD2D-9FC4-4701-8E28-4BA33A777F56}.Debug|Any CPU.ActiveCfg = Debug|Any CPU
		{2162FD2D-9FC4-4701-8E28-4BA33A777F56}.Debug|Any CPU.Build.0 = Debug|Any CPU
		{2162FD2D-9FC4-4701-8E28-4BA33A777F56}.Release|Any CPU.ActiveCfg = Release|Any CPU
		{2162FD2D-9FC4-4701-8E28-4BA33A777F56}.Release|Any CPU.Build.0 = Release|Any CPU
		{EE64DE92-8107-47F6-B310-6141BB19F008}.Debug|Any CPU.ActiveCfg = Debug|Any CPU
		{EE64DE92-8107-47F6-B310-6141BB19F008}.Debug|Any CPU.Build.0 = Debug|Any CPU
		{EE64DE92-8107-47F6-B310-6141BB19F008}.Release|Any CPU.ActiveCfg = Release|Any CPU
		{EE64DE92-8107-47F6-B310-6141BB19F008}.Release|Any CPU.Build.0 = Release|Any CPU
		{D08B7880-A858-43C1-82A8-C4B23D83E7FE}.Debug|Any CPU.ActiveCfg = Debug|Any CPU
		{D08B7880-A858-43C1-82A8-C4B23D83E7FE}.Debug|Any CPU.Build.0 = Debug|Any CPU
		{D08B7880-A858-43C1-82A8-C4B23D83E7FE}.Release|Any CPU.ActiveCfg = Release|Any CPU
		{D08B7880-A858-43C1-82A8-C4B23D83E7FE}.Release|Any CPU.Build.0 = Release|Any CPU
	EndGlobalSection
	GlobalSection(SolutionProperties) = preSolution
		HideSolutionNode = FALSE
	EndGlobalSection
	GlobalSection(ExtensibilityGlobals) = postSolution
		SolutionGuid = {51EDBF65-6C32-4BEC-8A79-1F0450F4AADC}
	EndGlobalSection
EndGlobal
